
Microsoft Visual Studio Solution File, Format Version 12.00
# Visual Studio Version 17
VisualStudioVersion = 17.4.33213.308
MinimumVisualStudioVersion = 10.0.40219.1
Project("{9A19103F-16F7-4668-BE54-9A1E7A4F7556}") = "GatewayAPI", "GatewayAPI\src\GatewayAPI.csproj", "{D358BA18-A5AE-4CE4-BA9A-8CCDA18BA5AC}"
EndProject
Project("{9A19103F-16F7-4668-BE54-9A1E7A4F7556}") = "IdentityAPI", "IdentityAPI\src\IdentityAPI.csproj", "{0DCD819B-EA60-4D45-BE12-B2BE9312101B}"
EndProject
Project("{9A19103F-16F7-4668-BE54-9A1E7A4F7556}") = "Infrastructure", "Infastructure\src\Infrastructure.csproj", "{3AA7A3D9-F2A2-4B12-8D3D-CC384D954367}"
EndProject
Project("{9A19103F-16F7-4668-BE54-9A1E7A4F7556}") = "OrderAPI", "OrderAPI\src\OrderAPI.csproj", "{AF158E0F-AF14-4EAB-B0D7-D39979624CD0}"
EndProject
Project("{2150E333-8FDC-42A3-9474-1A3956D46DE8}") = "Tests", "Tests", "{93CCC988-3FEF-4959-A269-27F7210CA433}"
EndProject
Project("{9A19103F-16F7-4668-BE54-9A1E7A4F7556}") = "IdentityAPI.Test", "IdentityAPI\tests\IdentityAPI.Test\IdentityAPI.Test.csproj", "{98491D0F-20FE-470F-B0FF-7640237BD990}"
EndProject
Project("{9A19103F-16F7-4668-BE54-9A1E7A4F7556}") = "DeliveryAPI", "DeliveryAPI\src\DeliveryAPI.csproj", "{FA7009A6-3717-4CCF-9277-EA871D8EB707}"
EndProject
Project("{9A19103F-16F7-4668-BE54-9A1E7A4F7556}") = "StoreAPI", "StoreAPI\src\StoreAPI.csproj", "{0D592243-3524-4E87-B563-06246DA593DC}"
EndProject
Project("{2150E333-8FDC-42A3-9474-1A3956D46DE8}") = "CatalogAPI", "CatalogAPI", "{A7D3DD6A-311C-4A1E-8E00-A2831380F0DC}"
EndProject
Project("{2150E333-8FDC-42A3-9474-1A3956D46DE8}") = "src", "src", "{6FB30FAE-7C0B-40C3-AD9E-9A49644E827B}"
EndProject
Project("{2150E333-8FDC-42A3-9474-1A3956D46DE8}") = "CatalogAPI.Domain", "CatalogAPI.Domain", "{9D366F4C-777A-4765-803E-040E6BB2A219}"
EndProject
Project("{9A19103F-16F7-4668-BE54-9A1E7A4F7556}") = "CatalogAPI.Domain.Entities", "CatalogAPI\src\CatalogAPI.Domain\CatalogAPI.Domain.Entities\CatalogAPI.Domain.Entities.csproj", "{78B576A8-413B-4964-9552-53914129A147}"
EndProject
Project("{9A19103F-16F7-4668-BE54-9A1E7A4F7556}") = "CatalogAPI.Domain.Repositories.Implementation", "CatalogAPI\src\CatalogAPI.Domain\CatalogAPI.Domain.Repositories.Implementation\CatalogAPI.Domain.Repositories.Implementation.csproj", "{AE8F68B5-3078-478C-8462-638DDF76307E}"
EndProject
Project("{9A19103F-16F7-4668-BE54-9A1E7A4F7556}") = "CatalogAPI.Domain.Repositories.Interfaces", "CatalogAPI\src\CatalogAPI.Domain\CatalogAPI.Domain.Repositories.Interfaces\CatalogAPI.Domain.Repositories.Interfaces.csproj", "{FEFF6094-297F-4085-97F1-01F866581387}"
EndProject
Project("{9A19103F-16F7-4668-BE54-9A1E7A4F7556}") = "CatalogAPI.Contracts", "CatalogAPI\src\CatalogAPI.Contracts\CatalogAPI.Contracts.csproj", "{31F350AF-41C2-4211-83D8-76057F6BADD2}"
EndProject
Project("{2150E333-8FDC-42A3-9474-1A3956D46DE8}") = "CatalogAPI.UseCases", "CatalogAPI.UseCases", "{71F323E2-C687-4EA0-ADEB-B1D8FED2E7AB}"
EndProject
Project("{9A19103F-16F7-4668-BE54-9A1E7A4F7556}") = "CatalogAPI.UseCases.Interfaces", "CatalogAPI\src\CatalogAPI.UseCases\CatalogAPI.UseCases.Interfaces\CatalogAPI.UseCases.Interfaces.csproj", "{298E614B-DAC0-4DA2-B90B-F47ECE7651F2}"
EndProject
Project("{9A19103F-16F7-4668-BE54-9A1E7A4F7556}") = "ProductAPI.UseCases.Implementation", "CatalogAPI\src\CatalogAPI.UseCases\ProductAPI.UseCases.Implementation\ProductAPI.UseCases.Implementation.csproj", "{C2E82D84-4666-4475-B99B-216496777FA1}"
EndProject
Project("{9A19103F-16F7-4668-BE54-9A1E7A4F7556}") = "CatalogAPI.Service", "CatalogAPI\src\CatalogAPI.Service\CatalogAPI.Service.csproj", "{DE2E21B4-2AF6-40FA-9ABF-BDF4601CD96C}"
EndProject
Global
	GlobalSection(SolutionConfigurationPlatforms) = preSolution
		Debug|Any CPU = Debug|Any CPU
		Release|Any CPU = Release|Any CPU
	EndGlobalSection
	GlobalSection(ProjectConfigurationPlatforms) = postSolution
		{D358BA18-A5AE-4CE4-BA9A-8CCDA18BA5AC}.Debug|Any CPU.ActiveCfg = Debug|Any CPU
		{D358BA18-A5AE-4CE4-BA9A-8CCDA18BA5AC}.Debug|Any CPU.Build.0 = Debug|Any CPU
		{D358BA18-A5AE-4CE4-BA9A-8CCDA18BA5AC}.Release|Any CPU.ActiveCfg = Release|Any CPU
		{D358BA18-A5AE-4CE4-BA9A-8CCDA18BA5AC}.Release|Any CPU.Build.0 = Release|Any CPU
		{0DCD819B-EA60-4D45-BE12-B2BE9312101B}.Debug|Any CPU.ActiveCfg = Debug|Any CPU
		{0DCD819B-EA60-4D45-BE12-B2BE9312101B}.Debug|Any CPU.Build.0 = Debug|Any CPU
		{0DCD819B-EA60-4D45-BE12-B2BE9312101B}.Release|Any CPU.ActiveCfg = Release|Any CPU
		{0DCD819B-EA60-4D45-BE12-B2BE9312101B}.Release|Any CPU.Build.0 = Release|Any CPU
		{3AA7A3D9-F2A2-4B12-8D3D-CC384D954367}.Debug|Any CPU.ActiveCfg = Debug|Any CPU
		{3AA7A3D9-F2A2-4B12-8D3D-CC384D954367}.Debug|Any CPU.Build.0 = Debug|Any CPU
		{3AA7A3D9-F2A2-4B12-8D3D-CC384D954367}.Release|Any CPU.ActiveCfg = Release|Any CPU
		{3AA7A3D9-F2A2-4B12-8D3D-CC384D954367}.Release|Any CPU.Build.0 = Release|Any CPU
		{AF158E0F-AF14-4EAB-B0D7-D39979624CD0}.Debug|Any CPU.ActiveCfg = Debug|Any CPU
		{AF158E0F-AF14-4EAB-B0D7-D39979624CD0}.Debug|Any CPU.Build.0 = Debug|Any CPU
		{AF158E0F-AF14-4EAB-B0D7-D39979624CD0}.Release|Any CPU.ActiveCfg = Release|Any CPU
		{AF158E0F-AF14-4EAB-B0D7-D39979624CD0}.Release|Any CPU.Build.0 = Release|Any CPU
		{98491D0F-20FE-470F-B0FF-7640237BD990}.Debug|Any CPU.ActiveCfg = Debug|Any CPU
		{98491D0F-20FE-470F-B0FF-7640237BD990}.Debug|Any CPU.Build.0 = Debug|Any CPU
		{98491D0F-20FE-470F-B0FF-7640237BD990}.Release|Any CPU.ActiveCfg = Release|Any CPU
		{98491D0F-20FE-470F-B0FF-7640237BD990}.Release|Any CPU.Build.0 = Release|Any CPU
		{FA7009A6-3717-4CCF-9277-EA871D8EB707}.Debug|Any CPU.ActiveCfg = Debug|Any CPU
		{FA7009A6-3717-4CCF-9277-EA871D8EB707}.Debug|Any CPU.Build.0 = Debug|Any CPU
		{FA7009A6-3717-4CCF-9277-EA871D8EB707}.Release|Any CPU.ActiveCfg = Release|Any CPU
		{FA7009A6-3717-4CCF-9277-EA871D8EB707}.Release|Any CPU.Build.0 = Release|Any CPU
		{0D592243-3524-4E87-B563-06246DA593DC}.Debug|Any CPU.ActiveCfg = Debug|Any CPU
		{0D592243-3524-4E87-B563-06246DA593DC}.Debug|Any CPU.Build.0 = Debug|Any CPU
		{0D592243-3524-4E87-B563-06246DA593DC}.Release|Any CPU.ActiveCfg = Release|Any CPU
		{0D592243-3524-4E87-B563-06246DA593DC}.Release|Any CPU.Build.0 = Release|Any CPU
		{78B576A8-413B-4964-9552-53914129A147}.Debug|Any CPU.ActiveCfg = Debug|Any CPU
		{78B576A8-413B-4964-9552-53914129A147}.Debug|Any CPU.Build.0 = Debug|Any CPU
		{78B576A8-413B-4964-9552-53914129A147}.Release|Any CPU.ActiveCfg = Release|Any CPU
		{78B576A8-413B-4964-9552-53914129A147}.Release|Any CPU.Build.0 = Release|Any CPU
		{AE8F68B5-3078-478C-8462-638DDF76307E}.Debug|Any CPU.ActiveCfg = Debug|Any CPU
		{AE8F68B5-3078-478C-8462-638DDF76307E}.Debug|Any CPU.Build.0 = Debug|Any CPU
		{AE8F68B5-3078-478C-8462-638DDF76307E}.Release|Any CPU.ActiveCfg = Release|Any CPU
		{AE8F68B5-3078-478C-8462-638DDF76307E}.Release|Any CPU.Build.0 = Release|Any CPU
		{FEFF6094-297F-4085-97F1-01F866581387}.Debug|Any CPU.ActiveCfg = Debug|Any CPU
		{FEFF6094-297F-4085-97F1-01F866581387}.Debug|Any CPU.Build.0 = Debug|Any CPU
		{FEFF6094-297F-4085-97F1-01F866581387}.Release|Any CPU.ActiveCfg = Release|Any CPU
		{FEFF6094-297F-4085-97F1-01F866581387}.Release|Any CPU.Build.0 = Release|Any CPU
		{31F350AF-41C2-4211-83D8-76057F6BADD2}.Debug|Any CPU.ActiveCfg = Debug|Any CPU
		{31F350AF-41C2-4211-83D8-76057F6BADD2}.Debug|Any CPU.Build.0 = Debug|Any CPU
		{31F350AF-41C2-4211-83D8-76057F6BADD2}.Release|Any CPU.ActiveCfg = Release|Any CPU
		{31F350AF-41C2-4211-83D8-76057F6BADD2}.Release|Any CPU.Build.0 = Release|Any CPU
		{298E614B-DAC0-4DA2-B90B-F47ECE7651F2}.Debug|Any CPU.ActiveCfg = Debug|Any CPU
		{298E614B-DAC0-4DA2-B90B-F47ECE7651F2}.Debug|Any CPU.Build.0 = Debug|Any CPU
		{298E614B-DAC0-4DA2-B90B-F47ECE7651F2}.Release|Any CPU.ActiveCfg = Release|Any CPU
		{298E614B-DAC0-4DA2-B90B-F47ECE7651F2}.Release|Any CPU.Build.0 = Release|Any CPU
		{C2E82D84-4666-4475-B99B-216496777FA1}.Debug|Any CPU.ActiveCfg = Debug|Any CPU
		{C2E82D84-4666-4475-B99B-216496777FA1}.Debug|Any CPU.Build.0 = Debug|Any CPU
		{C2E82D84-4666-4475-B99B-216496777FA1}.Release|Any CPU.ActiveCfg = Release|Any CPU
		{C2E82D84-4666-4475-B99B-216496777FA1}.Release|Any CPU.Build.0 = Release|Any CPU
		{DE2E21B4-2AF6-40FA-9ABF-BDF4601CD96C}.Debug|Any CPU.ActiveCfg = Debug|Any CPU
		{DE2E21B4-2AF6-40FA-9ABF-BDF4601CD96C}.Debug|Any CPU.Build.0 = Debug|Any CPU
		{DE2E21B4-2AF6-40FA-9ABF-BDF4601CD96C}.Release|Any CPU.ActiveCfg = Release|Any CPU
		{DE2E21B4-2AF6-40FA-9ABF-BDF4601CD96C}.Release|Any CPU.Build.0 = Release|Any CPU
	EndGlobalSection
	GlobalSection(SolutionProperties) = preSolution
		HideSolutionNode = FALSE
	EndGlobalSection
	GlobalSection(NestedProjects) = preSolution
		{98491D0F-20FE-470F-B0FF-7640237BD990} = {93CCC988-3FEF-4959-A269-27F7210CA433}
		{6FB30FAE-7C0B-40C3-AD9E-9A49644E827B} = {A7D3DD6A-311C-4A1E-8E00-A2831380F0DC}
		{9D366F4C-777A-4765-803E-040E6BB2A219} = {6FB30FAE-7C0B-40C3-AD9E-9A49644E827B}
		{78B576A8-413B-4964-9552-53914129A147} = {9D366F4C-777A-4765-803E-040E6BB2A219}
		{AE8F68B5-3078-478C-8462-638DDF76307E} = {9D366F4C-777A-4765-803E-040E6BB2A219}
		{FEFF6094-297F-4085-97F1-01F866581387} = {9D366F4C-777A-4765-803E-040E6BB2A219}
		{31F350AF-41C2-4211-83D8-76057F6BADD2} = {6FB30FAE-7C0B-40C3-AD9E-9A49644E827B}
		{71F323E2-C687-4EA0-ADEB-B1D8FED2E7AB} = {6FB30FAE-7C0B-40C3-AD9E-9A49644E827B}
		{298E614B-DAC0-4DA2-B90B-F47ECE7651F2} = {71F323E2-C687-4EA0-ADEB-B1D8FED2E7AB}
		{C2E82D84-4666-4475-B99B-216496777FA1} = {71F323E2-C687-4EA0-ADEB-B1D8FED2E7AB}
		{DE2E21B4-2AF6-40FA-9ABF-BDF4601CD96C} = {6FB30FAE-7C0B-40C3-AD9E-9A49644E827B}
	EndGlobalSection
	GlobalSection(ExtensibilityGlobals) = postSolution
		SolutionGuid = {A2034E5E-4829-4C31-8950-DB1CA97F6643}
	EndGlobalSection
EndGlobal
