
Microsoft Visual Studio Solution File, Format Version 12.00
# Visual Studio Version 17
VisualStudioVersion = 17.4.33213.308
MinimumVisualStudioVersion = 10.0.40219.1
Project("{2150E333-8FDC-42A3-9474-1A3956D46DE8}") = "src", "src", "{A56B0E88-3DEB-4BA7-8869-4B590282D49C}"
EndProject
Project("{9A19103F-16F7-4668-BE54-9A1E7A4F7556}") = "Infrastructure", "src\Infastructure\Infrastructure.csproj", "{12B17471-403D-4D73-B02D-FC3DE9FF2F46}"
EndProject
Project("{9A19103F-16F7-4668-BE54-9A1E7A4F7556}") = "GatewayAPI", "src\GatewayAPI\GatewayAPI.csproj", "{DA6B9ED3-9025-4E01-AE7A-2D42E24E4A43}"
EndProject
Project("{9A19103F-16F7-4668-BE54-9A1E7A4F7556}") = "IdentityAPI", "src\IdentityAPI\IdentityAPI.csproj", "{803E4735-A8CE-4893-9F08-39CBA19834DD}"
EndProject
Project("{9A19103F-16F7-4668-BE54-9A1E7A4F7556}") = "OrderAPI", "src\OrderAPI\OrderAPI.csproj", "{5BF48BE6-3FAD-4816-8325-CD2D9C88756E}"
EndProject
Project("{9A19103F-16F7-4668-BE54-9A1E7A4F7556}") = "StoreAPI", "src\StoreAPI\StoreAPI.csproj", "{72DC62AB-6D28-43E0-84D0-D907C1B9A14F}"
EndProject
Project("{2150E333-8FDC-42A3-9474-1A3956D46DE8}") = "tests", "tests", "{AA0D1949-3236-4D7E-8E90-67AA932FA14B}"
EndProject
Project("{9A19103F-16F7-4668-BE54-9A1E7A4F7556}") = "IdentityAPI.Test", "tests\IdentityAPI\IdentityAPI.Test\IdentityAPI.Test.csproj", "{683CF9A6-2401-4CA1-BC3D-A472405510FE}"
EndProject
Project("{2150E333-8FDC-42A3-9474-1A3956D46DE8}") = "CatalogAPI", "CatalogAPI", "{64E54F19-F394-489F-B742-0DB97E4984BD}"
EndProject
Project("{9A19103F-16F7-4668-BE54-9A1E7A4F7556}") = "CatalogAPI.Contracts", "src\CatalogAPI\CatalogAPI.Contracts\CatalogAPI.Contracts.csproj", "{B98BD1C4-06BA-46CC-A2C9-6D087AE2A7BB}"
EndProject
Project("{2150E333-8FDC-42A3-9474-1A3956D46DE8}") = "CatalogAPI.Domain", "CatalogAPI.Domain", "{FBF91002-66F4-471C-A68F-440E3E3289CE}"
EndProject
Project("{9A19103F-16F7-4668-BE54-9A1E7A4F7556}") = "CatalogAPI.Domain.Entities", "src\CatalogAPI\CatalogAPI.Domain\CatalogAPI.Domain.Entities\CatalogAPI.Domain.Entities.csproj", "{FB4F9D2F-95DA-4B8B-B068-ACC7BE608B9B}"
EndProject
Project("{9A19103F-16F7-4668-BE54-9A1E7A4F7556}") = "CatalogAPI.Domain.Repositories.Interfaces", "src\CatalogAPI\CatalogAPI.Domain\CatalogAPI.Domain.Repositories.Interfaces\CatalogAPI.Domain.Repositories.Interfaces.csproj", "{FF2098B1-FC00-4D55-AA38-C6C0B0C35662}"
EndProject
Project("{9A19103F-16F7-4668-BE54-9A1E7A4F7556}") = "CatalogAPI.Domain.Repositories.Implementation", "src\CatalogAPI\CatalogAPI.Domain\CatalogAPI.Domain.Repositories.Implementation\CatalogAPI.Domain.Repositories.Implementation.csproj", "{FDDE0831-43E3-4753-9C96-ED7D6C4B8A58}"
EndProject
Project("{2150E333-8FDC-42A3-9474-1A3956D46DE8}") = "CatalogAPI.UseCases", "CatalogAPI.UseCases", "{97CD8F04-87EE-45A8-9215-A5332D23C942}"
EndProject
Project("{9A19103F-16F7-4668-BE54-9A1E7A4F7556}") = "CatalogAPI.UseCases.Interfaces", "src\CatalogAPI\CatalogAPI.UseCases\CatalogAPI.UseCases.Interfaces\CatalogAPI.UseCases.Interfaces.csproj", "{BB7659DF-66FB-4D4B-A4FC-7AB782F16649}"
EndProject
Project("{9A19103F-16F7-4668-BE54-9A1E7A4F7556}") = "ProductAPI.UseCases.Implementation", "src\CatalogAPI\CatalogAPI.UseCases\ProductAPI.UseCases.Implementation\ProductAPI.UseCases.Implementation.csproj", "{7218B706-E37A-4932-817D-D0F115521E20}"
EndProject
Project("{9A19103F-16F7-4668-BE54-9A1E7A4F7556}") = "CatalogAPI.Service", "src\CatalogAPI\CatalogAPI.Service\CatalogAPI.Service.csproj", "{7485757B-BFBB-4031-8745-D862DDF147CF}"
EndProject
Project("{2150E333-8FDC-42A3-9474-1A3956D46DE8}") = "DeliveryAPI", "DeliveryAPI", "{CD8A8B8F-E745-4EE5-ADC7-BC961BF0B907}"
EndProject
Project("{9A19103F-16F7-4668-BE54-9A1E7A4F7556}") = "DeliveryAPI.Service", "src\DeliveryAPI\DeliveryAPI.Service\DeliveryAPI.Service.csproj", "{C9C4146D-1B65-42BF-9E2F-B1BFE33A6C77}"
EndProject
Project("{2150E333-8FDC-42A3-9474-1A3956D46DE8}") = "DeliveryAPI.Domain", "DeliveryAPI.Domain", "{A073BC2C-6D9C-4950-A661-8AF1E3340597}"
EndProject
Project("{2150E333-8FDC-42A3-9474-1A3956D46DE8}") = "DeliveryAPI.UseCases", "DeliveryAPI.UseCases", "{29816651-BF5F-4302-8AAC-ECB51AB05B31}"
EndProject
Project("{FAE04EC0-301F-11D3-BF4B-00C04F79EFBC}") = "DeliveryAPI.Contracts", "src\DeliveryAPI\DeliveryAPI.Contracts\DeliveryAPI.Contracts.csproj", "{62F31C76-E0B2-4F58-A1CF-D7F2CC719492}"
EndProject
Project("{FAE04EC0-301F-11D3-BF4B-00C04F79EFBC}") = "DeliveryAPI.Domain.Entities", "src\DeliveryAPI\DeliveryAPI.Domain\DeliveryAPI.Domain.Entities\DeliveryAPI.Domain.Entities.csproj", "{3B477DFF-DD12-4A85-9B11-41BD538246D6}"
EndProject
Project("{FAE04EC0-301F-11D3-BF4B-00C04F79EFBC}") = "DeliveryAPI.Domain.Repositories.Interfaces", "src\DeliveryAPI\DeliveryAPI.Domain\DeliveryAPI.Domain.Repositories.Interfaces\DeliveryAPI.Domain.Repositories.Interfaces.csproj", "{0FCA07F6-F720-4C89-B7F3-2CBD4ACF5945}"
EndProject
Project("{FAE04EC0-301F-11D3-BF4B-00C04F79EFBC}") = "DeliveryAPI.Domain.Repositories.Implementation", "src\DeliveryAPI\DeliveryAPI.Domain\DeliveryAPI.Domain.Repositories.Implementation\DeliveryAPI.Domain.Repositories.Implementation.csproj", "{F6487A4D-1973-44EE-9C79-329D34B186C1}"
EndProject
Project("{FAE04EC0-301F-11D3-BF4B-00C04F79EFBC}") = "DeliveryAPI.UseCases.Interfaces", "src\DeliveryAPI\DeliveryAPI.UseCases\DeliveryAPI.UseCases.Interfaces\DeliveryAPI.UseCases.Interfaces.csproj", "{E61D37FD-F598-411A-B0B6-937496DFB550}"
EndProject
Project("{FAE04EC0-301F-11D3-BF4B-00C04F79EFBC}") = "DeliveryAPI.UseCases.Implementation", "src\DeliveryAPI\DeliveryAPI.UseCases\DeliveryAPI.UseCases.Implementation\DeliveryAPI.UseCases.Implementation.csproj", "{B443BA12-97A6-48FD-A1F8-706157254868}"
EndProject
Global
	GlobalSection(SolutionConfigurationPlatforms) = preSolution
		Debug|Any CPU = Debug|Any CPU
		Release|Any CPU = Release|Any CPU
	EndGlobalSection
	GlobalSection(ProjectConfigurationPlatforms) = postSolution
		{12B17471-403D-4D73-B02D-FC3DE9FF2F46}.Debug|Any CPU.ActiveCfg = Debug|Any CPU
		{12B17471-403D-4D73-B02D-FC3DE9FF2F46}.Debug|Any CPU.Build.0 = Debug|Any CPU
		{12B17471-403D-4D73-B02D-FC3DE9FF2F46}.Release|Any CPU.ActiveCfg = Release|Any CPU
		{12B17471-403D-4D73-B02D-FC3DE9FF2F46}.Release|Any CPU.Build.0 = Release|Any CPU
		{DA6B9ED3-9025-4E01-AE7A-2D42E24E4A43}.Debug|Any CPU.ActiveCfg = Debug|Any CPU
		{DA6B9ED3-9025-4E01-AE7A-2D42E24E4A43}.Debug|Any CPU.Build.0 = Debug|Any CPU
		{DA6B9ED3-9025-4E01-AE7A-2D42E24E4A43}.Release|Any CPU.ActiveCfg = Release|Any CPU
		{DA6B9ED3-9025-4E01-AE7A-2D42E24E4A43}.Release|Any CPU.Build.0 = Release|Any CPU
		{803E4735-A8CE-4893-9F08-39CBA19834DD}.Debug|Any CPU.ActiveCfg = Debug|Any CPU
		{803E4735-A8CE-4893-9F08-39CBA19834DD}.Debug|Any CPU.Build.0 = Debug|Any CPU
		{803E4735-A8CE-4893-9F08-39CBA19834DD}.Release|Any CPU.ActiveCfg = Release|Any CPU
		{803E4735-A8CE-4893-9F08-39CBA19834DD}.Release|Any CPU.Build.0 = Release|Any CPU
		{5BF48BE6-3FAD-4816-8325-CD2D9C88756E}.Debug|Any CPU.ActiveCfg = Debug|Any CPU
		{5BF48BE6-3FAD-4816-8325-CD2D9C88756E}.Debug|Any CPU.Build.0 = Debug|Any CPU
		{5BF48BE6-3FAD-4816-8325-CD2D9C88756E}.Release|Any CPU.ActiveCfg = Release|Any CPU
		{5BF48BE6-3FAD-4816-8325-CD2D9C88756E}.Release|Any CPU.Build.0 = Release|Any CPU
		{72DC62AB-6D28-43E0-84D0-D907C1B9A14F}.Debug|Any CPU.ActiveCfg = Debug|Any CPU
		{72DC62AB-6D28-43E0-84D0-D907C1B9A14F}.Debug|Any CPU.Build.0 = Debug|Any CPU
		{72DC62AB-6D28-43E0-84D0-D907C1B9A14F}.Release|Any CPU.ActiveCfg = Release|Any CPU
		{72DC62AB-6D28-43E0-84D0-D907C1B9A14F}.Release|Any CPU.Build.0 = Release|Any CPU
		{683CF9A6-2401-4CA1-BC3D-A472405510FE}.Debug|Any CPU.ActiveCfg = Debug|Any CPU
		{683CF9A6-2401-4CA1-BC3D-A472405510FE}.Debug|Any CPU.Build.0 = Debug|Any CPU
		{683CF9A6-2401-4CA1-BC3D-A472405510FE}.Release|Any CPU.ActiveCfg = Release|Any CPU
		{683CF9A6-2401-4CA1-BC3D-A472405510FE}.Release|Any CPU.Build.0 = Release|Any CPU
		{B98BD1C4-06BA-46CC-A2C9-6D087AE2A7BB}.Debug|Any CPU.ActiveCfg = Debug|Any CPU
		{B98BD1C4-06BA-46CC-A2C9-6D087AE2A7BB}.Debug|Any CPU.Build.0 = Debug|Any CPU
		{B98BD1C4-06BA-46CC-A2C9-6D087AE2A7BB}.Release|Any CPU.ActiveCfg = Release|Any CPU
		{B98BD1C4-06BA-46CC-A2C9-6D087AE2A7BB}.Release|Any CPU.Build.0 = Release|Any CPU
		{FB4F9D2F-95DA-4B8B-B068-ACC7BE608B9B}.Debug|Any CPU.ActiveCfg = Debug|Any CPU
		{FB4F9D2F-95DA-4B8B-B068-ACC7BE608B9B}.Debug|Any CPU.Build.0 = Debug|Any CPU
		{FB4F9D2F-95DA-4B8B-B068-ACC7BE608B9B}.Release|Any CPU.ActiveCfg = Release|Any CPU
		{FB4F9D2F-95DA-4B8B-B068-ACC7BE608B9B}.Release|Any CPU.Build.0 = Release|Any CPU
		{FF2098B1-FC00-4D55-AA38-C6C0B0C35662}.Debug|Any CPU.ActiveCfg = Debug|Any CPU
		{FF2098B1-FC00-4D55-AA38-C6C0B0C35662}.Debug|Any CPU.Build.0 = Debug|Any CPU
		{FF2098B1-FC00-4D55-AA38-C6C0B0C35662}.Release|Any CPU.ActiveCfg = Release|Any CPU
		{FF2098B1-FC00-4D55-AA38-C6C0B0C35662}.Release|Any CPU.Build.0 = Release|Any CPU
		{FDDE0831-43E3-4753-9C96-ED7D6C4B8A58}.Debug|Any CPU.ActiveCfg = Debug|Any CPU
		{FDDE0831-43E3-4753-9C96-ED7D6C4B8A58}.Debug|Any CPU.Build.0 = Debug|Any CPU
		{FDDE0831-43E3-4753-9C96-ED7D6C4B8A58}.Release|Any CPU.ActiveCfg = Release|Any CPU
		{FDDE0831-43E3-4753-9C96-ED7D6C4B8A58}.Release|Any CPU.Build.0 = Release|Any CPU
		{BB7659DF-66FB-4D4B-A4FC-7AB782F16649}.Debug|Any CPU.ActiveCfg = Debug|Any CPU
		{BB7659DF-66FB-4D4B-A4FC-7AB782F16649}.Debug|Any CPU.Build.0 = Debug|Any CPU
		{BB7659DF-66FB-4D4B-A4FC-7AB782F16649}.Release|Any CPU.ActiveCfg = Release|Any CPU
		{BB7659DF-66FB-4D4B-A4FC-7AB782F16649}.Release|Any CPU.Build.0 = Release|Any CPU
		{7218B706-E37A-4932-817D-D0F115521E20}.Debug|Any CPU.ActiveCfg = Debug|Any CPU
		{7218B706-E37A-4932-817D-D0F115521E20}.Debug|Any CPU.Build.0 = Debug|Any CPU
		{7218B706-E37A-4932-817D-D0F115521E20}.Release|Any CPU.ActiveCfg = Release|Any CPU
		{7218B706-E37A-4932-817D-D0F115521E20}.Release|Any CPU.Build.0 = Release|Any CPU
		{7485757B-BFBB-4031-8745-D862DDF147CF}.Debug|Any CPU.ActiveCfg = Debug|Any CPU
		{7485757B-BFBB-4031-8745-D862DDF147CF}.Debug|Any CPU.Build.0 = Debug|Any CPU
		{7485757B-BFBB-4031-8745-D862DDF147CF}.Release|Any CPU.ActiveCfg = Release|Any CPU
		{7485757B-BFBB-4031-8745-D862DDF147CF}.Release|Any CPU.Build.0 = Release|Any CPU
		{C9C4146D-1B65-42BF-9E2F-B1BFE33A6C77}.Debug|Any CPU.ActiveCfg = Debug|Any CPU
		{C9C4146D-1B65-42BF-9E2F-B1BFE33A6C77}.Debug|Any CPU.Build.0 = Debug|Any CPU
		{C9C4146D-1B65-42BF-9E2F-B1BFE33A6C77}.Release|Any CPU.ActiveCfg = Release|Any CPU
		{C9C4146D-1B65-42BF-9E2F-B1BFE33A6C77}.Release|Any CPU.Build.0 = Release|Any CPU
		{62F31C76-E0B2-4F58-A1CF-D7F2CC719492}.Debug|Any CPU.ActiveCfg = Debug|Any CPU
		{62F31C76-E0B2-4F58-A1CF-D7F2CC719492}.Debug|Any CPU.Build.0 = Debug|Any CPU
		{62F31C76-E0B2-4F58-A1CF-D7F2CC719492}.Release|Any CPU.ActiveCfg = Release|Any CPU
		{62F31C76-E0B2-4F58-A1CF-D7F2CC719492}.Release|Any CPU.Build.0 = Release|Any CPU
		{3B477DFF-DD12-4A85-9B11-41BD538246D6}.Debug|Any CPU.ActiveCfg = Debug|Any CPU
		{3B477DFF-DD12-4A85-9B11-41BD538246D6}.Debug|Any CPU.Build.0 = Debug|Any CPU
		{3B477DFF-DD12-4A85-9B11-41BD538246D6}.Release|Any CPU.ActiveCfg = Release|Any CPU
		{3B477DFF-DD12-4A85-9B11-41BD538246D6}.Release|Any CPU.Build.0 = Release|Any CPU
		{0FCA07F6-F720-4C89-B7F3-2CBD4ACF5945}.Debug|Any CPU.ActiveCfg = Debug|Any CPU
		{0FCA07F6-F720-4C89-B7F3-2CBD4ACF5945}.Debug|Any CPU.Build.0 = Debug|Any CPU
		{0FCA07F6-F720-4C89-B7F3-2CBD4ACF5945}.Release|Any CPU.ActiveCfg = Release|Any CPU
		{0FCA07F6-F720-4C89-B7F3-2CBD4ACF5945}.Release|Any CPU.Build.0 = Release|Any CPU
		{F6487A4D-1973-44EE-9C79-329D34B186C1}.Debug|Any CPU.ActiveCfg = Debug|Any CPU
		{F6487A4D-1973-44EE-9C79-329D34B186C1}.Debug|Any CPU.Build.0 = Debug|Any CPU
		{F6487A4D-1973-44EE-9C79-329D34B186C1}.Release|Any CPU.ActiveCfg = Release|Any CPU
		{F6487A4D-1973-44EE-9C79-329D34B186C1}.Release|Any CPU.Build.0 = Release|Any CPU
		{E61D37FD-F598-411A-B0B6-937496DFB550}.Debug|Any CPU.ActiveCfg = Debug|Any CPU
		{E61D37FD-F598-411A-B0B6-937496DFB550}.Debug|Any CPU.Build.0 = Debug|Any CPU
		{E61D37FD-F598-411A-B0B6-937496DFB550}.Release|Any CPU.ActiveCfg = Release|Any CPU
		{E61D37FD-F598-411A-B0B6-937496DFB550}.Release|Any CPU.Build.0 = Release|Any CPU
		{B443BA12-97A6-48FD-A1F8-706157254868}.Debug|Any CPU.ActiveCfg = Debug|Any CPU
		{B443BA12-97A6-48FD-A1F8-706157254868}.Debug|Any CPU.Build.0 = Debug|Any CPU
		{B443BA12-97A6-48FD-A1F8-706157254868}.Release|Any CPU.ActiveCfg = Release|Any CPU
		{B443BA12-97A6-48FD-A1F8-706157254868}.Release|Any CPU.Build.0 = Release|Any CPU
	EndGlobalSection
	GlobalSection(SolutionProperties) = preSolution
		HideSolutionNode = FALSE
	EndGlobalSection
	GlobalSection(NestedProjects) = preSolution
		{12B17471-403D-4D73-B02D-FC3DE9FF2F46} = {A56B0E88-3DEB-4BA7-8869-4B590282D49C}
		{DA6B9ED3-9025-4E01-AE7A-2D42E24E4A43} = {A56B0E88-3DEB-4BA7-8869-4B590282D49C}
		{803E4735-A8CE-4893-9F08-39CBA19834DD} = {A56B0E88-3DEB-4BA7-8869-4B590282D49C}
		{5BF48BE6-3FAD-4816-8325-CD2D9C88756E} = {A56B0E88-3DEB-4BA7-8869-4B590282D49C}
		{72DC62AB-6D28-43E0-84D0-D907C1B9A14F} = {A56B0E88-3DEB-4BA7-8869-4B590282D49C}
		{683CF9A6-2401-4CA1-BC3D-A472405510FE} = {AA0D1949-3236-4D7E-8E90-67AA932FA14B}
		{64E54F19-F394-489F-B742-0DB97E4984BD} = {A56B0E88-3DEB-4BA7-8869-4B590282D49C}
		{B98BD1C4-06BA-46CC-A2C9-6D087AE2A7BB} = {64E54F19-F394-489F-B742-0DB97E4984BD}
		{FBF91002-66F4-471C-A68F-440E3E3289CE} = {64E54F19-F394-489F-B742-0DB97E4984BD}
		{FB4F9D2F-95DA-4B8B-B068-ACC7BE608B9B} = {FBF91002-66F4-471C-A68F-440E3E3289CE}
		{FF2098B1-FC00-4D55-AA38-C6C0B0C35662} = {FBF91002-66F4-471C-A68F-440E3E3289CE}
		{FDDE0831-43E3-4753-9C96-ED7D6C4B8A58} = {FBF91002-66F4-471C-A68F-440E3E3289CE}
		{97CD8F04-87EE-45A8-9215-A5332D23C942} = {64E54F19-F394-489F-B742-0DB97E4984BD}
		{BB7659DF-66FB-4D4B-A4FC-7AB782F16649} = {97CD8F04-87EE-45A8-9215-A5332D23C942}
		{7218B706-E37A-4932-817D-D0F115521E20} = {97CD8F04-87EE-45A8-9215-A5332D23C942}
		{7485757B-BFBB-4031-8745-D862DDF147CF} = {64E54F19-F394-489F-B742-0DB97E4984BD}
		{CD8A8B8F-E745-4EE5-ADC7-BC961BF0B907} = {A56B0E88-3DEB-4BA7-8869-4B590282D49C}
		{C9C4146D-1B65-42BF-9E2F-B1BFE33A6C77} = {CD8A8B8F-E745-4EE5-ADC7-BC961BF0B907}
		{A073BC2C-6D9C-4950-A661-8AF1E3340597} = {CD8A8B8F-E745-4EE5-ADC7-BC961BF0B907}
		{29816651-BF5F-4302-8AAC-ECB51AB05B31} = {CD8A8B8F-E745-4EE5-ADC7-BC961BF0B907}
		{62F31C76-E0B2-4F58-A1CF-D7F2CC719492} = {CD8A8B8F-E745-4EE5-ADC7-BC961BF0B907}
		{3B477DFF-DD12-4A85-9B11-41BD538246D6} = {A073BC2C-6D9C-4950-A661-8AF1E3340597}
		{0FCA07F6-F720-4C89-B7F3-2CBD4ACF5945} = {A073BC2C-6D9C-4950-A661-8AF1E3340597}
		{F6487A4D-1973-44EE-9C79-329D34B186C1} = {A073BC2C-6D9C-4950-A661-8AF1E3340597}
		{E61D37FD-F598-411A-B0B6-937496DFB550} = {29816651-BF5F-4302-8AAC-ECB51AB05B31}
		{B443BA12-97A6-48FD-A1F8-706157254868} = {29816651-BF5F-4302-8AAC-ECB51AB05B31}
	EndGlobalSection
	GlobalSection(ExtensibilityGlobals) = postSolution
		SolutionGuid = {A2034E5E-4829-4C31-8950-DB1CA97F6643}
	EndGlobalSection
EndGlobal
