
Microsoft Visual Studio Solution File, Format Version 12.00
# Visual Studio Version 17
VisualStudioVersion = 17.4.33213.308
MinimumVisualStudioVersion = 10.0.40219.1
Project("{9A19103F-16F7-4668-BE54-9A1E7A4F7556}") = "GatewayAPI", "GatewayAPI\GatewayAPI.csproj", "{96EFA189-31A0-4735-A509-F029714C478F}"
EndProject
Project("{9A19103F-16F7-4668-BE54-9A1E7A4F7556}") = "CatalogAPI", "CatalogAPI\CatalogAPI.csproj", "{15164C70-90E4-4854-83C5-908C11D688DE}"
EndProject
Project("{9A19103F-16F7-4668-BE54-9A1E7A4F7556}") = "OrderAPI", "OrderAPI\OrderAPI.csproj", "{A40FAB4A-1835-446C-AEE7-8CC999FB8A48}"
EndProject
Project("{9A19103F-16F7-4668-BE54-9A1E7A4F7556}") = "Infrastructure", "Infastructure\Infrastructure.csproj", "{308DCBE2-638C-4D42-BCC3-8CF319E802E1}"
EndProject
Project("{9A19103F-16F7-4668-BE54-9A1E7A4F7556}") = "IdentityAPI", "IdentityAPI\IdentityAPI.csproj", "{B21F3D98-3BF0-46BD-9239-368442DA97E3}"
EndProject
Global
	GlobalSection(SolutionConfigurationPlatforms) = preSolution
		Debug|Any CPU = Debug|Any CPU
		Debug|ARM = Debug|ARM
		Debug|ARM64 = Debug|ARM64
		Debug|x64 = Debug|x64
		Debug|x86 = Debug|x86
		Release|Any CPU = Release|Any CPU
		Release|ARM = Release|ARM
		Release|ARM64 = Release|ARM64
		Release|x64 = Release|x64
		Release|x86 = Release|x86
	EndGlobalSection
	GlobalSection(ProjectConfigurationPlatforms) = postSolution
		{96EFA189-31A0-4735-A509-F029714C478F}.Debug|Any CPU.ActiveCfg = Debug|Any CPU
		{96EFA189-31A0-4735-A509-F029714C478F}.Debug|Any CPU.Build.0 = Debug|Any CPU
		{96EFA189-31A0-4735-A509-F029714C478F}.Debug|ARM.ActiveCfg = Debug|Any CPU
		{96EFA189-31A0-4735-A509-F029714C478F}.Debug|ARM.Build.0 = Debug|Any CPU
		{96EFA189-31A0-4735-A509-F029714C478F}.Debug|ARM64.ActiveCfg = Debug|Any CPU
		{96EFA189-31A0-4735-A509-F029714C478F}.Debug|ARM64.Build.0 = Debug|Any CPU
		{96EFA189-31A0-4735-A509-F029714C478F}.Debug|x64.ActiveCfg = Debug|Any CPU
		{96EFA189-31A0-4735-A509-F029714C478F}.Debug|x64.Build.0 = Debug|Any CPU
		{96EFA189-31A0-4735-A509-F029714C478F}.Debug|x86.ActiveCfg = Debug|Any CPU
		{96EFA189-31A0-4735-A509-F029714C478F}.Debug|x86.Build.0 = Debug|Any CPU
		{96EFA189-31A0-4735-A509-F029714C478F}.Release|Any CPU.ActiveCfg = Release|Any CPU
		{96EFA189-31A0-4735-A509-F029714C478F}.Release|Any CPU.Build.0 = Release|Any CPU
		{96EFA189-31A0-4735-A509-F029714C478F}.Release|ARM.ActiveCfg = Release|Any CPU
		{96EFA189-31A0-4735-A509-F029714C478F}.Release|ARM.Build.0 = Release|Any CPU
		{96EFA189-31A0-4735-A509-F029714C478F}.Release|ARM64.ActiveCfg = Release|Any CPU
		{96EFA189-31A0-4735-A509-F029714C478F}.Release|ARM64.Build.0 = Release|Any CPU
		{96EFA189-31A0-4735-A509-F029714C478F}.Release|x64.ActiveCfg = Release|Any CPU
		{96EFA189-31A0-4735-A509-F029714C478F}.Release|x64.Build.0 = Release|Any CPU
		{96EFA189-31A0-4735-A509-F029714C478F}.Release|x86.ActiveCfg = Release|Any CPU
		{96EFA189-31A0-4735-A509-F029714C478F}.Release|x86.Build.0 = Release|Any CPU
		{15164C70-90E4-4854-83C5-908C11D688DE}.Debug|Any CPU.ActiveCfg = Debug|Any CPU
		{15164C70-90E4-4854-83C5-908C11D688DE}.Debug|Any CPU.Build.0 = Debug|Any CPU
		{15164C70-90E4-4854-83C5-908C11D688DE}.Debug|ARM.ActiveCfg = Debug|Any CPU
		{15164C70-90E4-4854-83C5-908C11D688DE}.Debug|ARM.Build.0 = Debug|Any CPU
		{15164C70-90E4-4854-83C5-908C11D688DE}.Debug|ARM64.ActiveCfg = Debug|Any CPU
		{15164C70-90E4-4854-83C5-908C11D688DE}.Debug|ARM64.Build.0 = Debug|Any CPU
		{15164C70-90E4-4854-83C5-908C11D688DE}.Debug|x64.ActiveCfg = Debug|Any CPU
		{15164C70-90E4-4854-83C5-908C11D688DE}.Debug|x64.Build.0 = Debug|Any CPU
		{15164C70-90E4-4854-83C5-908C11D688DE}.Debug|x86.ActiveCfg = Debug|Any CPU
		{15164C70-90E4-4854-83C5-908C11D688DE}.Debug|x86.Build.0 = Debug|Any CPU
		{15164C70-90E4-4854-83C5-908C11D688DE}.Release|Any CPU.ActiveCfg = Release|Any CPU
		{15164C70-90E4-4854-83C5-908C11D688DE}.Release|Any CPU.Build.0 = Release|Any CPU
		{15164C70-90E4-4854-83C5-908C11D688DE}.Release|ARM.ActiveCfg = Release|Any CPU
		{15164C70-90E4-4854-83C5-908C11D688DE}.Release|ARM.Build.0 = Release|Any CPU
		{15164C70-90E4-4854-83C5-908C11D688DE}.Release|ARM64.ActiveCfg = Release|Any CPU
		{15164C70-90E4-4854-83C5-908C11D688DE}.Release|ARM64.Build.0 = Release|Any CPU
		{15164C70-90E4-4854-83C5-908C11D688DE}.Release|x64.ActiveCfg = Release|Any CPU
		{15164C70-90E4-4854-83C5-908C11D688DE}.Release|x64.Build.0 = Release|Any CPU
		{15164C70-90E4-4854-83C5-908C11D688DE}.Release|x86.ActiveCfg = Release|Any CPU
		{15164C70-90E4-4854-83C5-908C11D688DE}.Release|x86.Build.0 = Release|Any CPU
		{A40FAB4A-1835-446C-AEE7-8CC999FB8A48}.Debug|Any CPU.ActiveCfg = Debug|Any CPU
		{A40FAB4A-1835-446C-AEE7-8CC999FB8A48}.Debug|Any CPU.Build.0 = Debug|Any CPU
		{A40FAB4A-1835-446C-AEE7-8CC999FB8A48}.Debug|ARM.ActiveCfg = Debug|Any CPU
		{A40FAB4A-1835-446C-AEE7-8CC999FB8A48}.Debug|ARM.Build.0 = Debug|Any CPU
		{A40FAB4A-1835-446C-AEE7-8CC999FB8A48}.Debug|ARM64.ActiveCfg = Debug|Any CPU
		{A40FAB4A-1835-446C-AEE7-8CC999FB8A48}.Debug|ARM64.Build.0 = Debug|Any CPU
		{A40FAB4A-1835-446C-AEE7-8CC999FB8A48}.Debug|x64.ActiveCfg = Debug|Any CPU
		{A40FAB4A-1835-446C-AEE7-8CC999FB8A48}.Debug|x64.Build.0 = Debug|Any CPU
		{A40FAB4A-1835-446C-AEE7-8CC999FB8A48}.Debug|x86.ActiveCfg = Debug|Any CPU
		{A40FAB4A-1835-446C-AEE7-8CC999FB8A48}.Debug|x86.Build.0 = Debug|Any CPU
		{A40FAB4A-1835-446C-AEE7-8CC999FB8A48}.Release|Any CPU.ActiveCfg = Release|Any CPU
		{A40FAB4A-1835-446C-AEE7-8CC999FB8A48}.Release|Any CPU.Build.0 = Release|Any CPU
		{A40FAB4A-1835-446C-AEE7-8CC999FB8A48}.Release|ARM.ActiveCfg = Release|Any CPU
		{A40FAB4A-1835-446C-AEE7-8CC999FB8A48}.Release|ARM.Build.0 = Release|Any CPU
		{A40FAB4A-1835-446C-AEE7-8CC999FB8A48}.Release|ARM64.ActiveCfg = Release|Any CPU
		{A40FAB4A-1835-446C-AEE7-8CC999FB8A48}.Release|ARM64.Build.0 = Release|Any CPU
		{A40FAB4A-1835-446C-AEE7-8CC999FB8A48}.Release|x64.ActiveCfg = Release|Any CPU
		{A40FAB4A-1835-446C-AEE7-8CC999FB8A48}.Release|x64.Build.0 = Release|Any CPU
		{A40FAB4A-1835-446C-AEE7-8CC999FB8A48}.Release|x86.ActiveCfg = Release|Any CPU
		{A40FAB4A-1835-446C-AEE7-8CC999FB8A48}.Release|x86.Build.0 = Release|Any CPU
		{308DCBE2-638C-4D42-BCC3-8CF319E802E1}.Debug|Any CPU.ActiveCfg = Debug|Any CPU
		{308DCBE2-638C-4D42-BCC3-8CF319E802E1}.Debug|Any CPU.Build.0 = Debug|Any CPU
		{308DCBE2-638C-4D42-BCC3-8CF319E802E1}.Debug|ARM.ActiveCfg = Debug|Any CPU
		{308DCBE2-638C-4D42-BCC3-8CF319E802E1}.Debug|ARM.Build.0 = Debug|Any CPU
		{308DCBE2-638C-4D42-BCC3-8CF319E802E1}.Debug|ARM64.ActiveCfg = Debug|Any CPU
		{308DCBE2-638C-4D42-BCC3-8CF319E802E1}.Debug|ARM64.Build.0 = Debug|Any CPU
		{308DCBE2-638C-4D42-BCC3-8CF319E802E1}.Debug|x64.ActiveCfg = Debug|Any CPU
		{308DCBE2-638C-4D42-BCC3-8CF319E802E1}.Debug|x64.Build.0 = Debug|Any CPU
		{308DCBE2-638C-4D42-BCC3-8CF319E802E1}.Debug|x86.ActiveCfg = Debug|Any CPU
		{308DCBE2-638C-4D42-BCC3-8CF319E802E1}.Debug|x86.Build.0 = Debug|Any CPU
		{308DCBE2-638C-4D42-BCC3-8CF319E802E1}.Release|Any CPU.ActiveCfg = Release|Any CPU
		{308DCBE2-638C-4D42-BCC3-8CF319E802E1}.Release|Any CPU.Build.0 = Release|Any CPU
		{308DCBE2-638C-4D42-BCC3-8CF319E802E1}.Release|ARM.ActiveCfg = Release|Any CPU
		{308DCBE2-638C-4D42-BCC3-8CF319E802E1}.Release|ARM.Build.0 = Release|Any CPU
		{308DCBE2-638C-4D42-BCC3-8CF319E802E1}.Release|ARM64.ActiveCfg = Release|Any CPU
		{308DCBE2-638C-4D42-BCC3-8CF319E802E1}.Release|ARM64.Build.0 = Release|Any CPU
		{308DCBE2-638C-4D42-BCC3-8CF319E802E1}.Release|x64.ActiveCfg = Release|Any CPU
		{308DCBE2-638C-4D42-BCC3-8CF319E802E1}.Release|x64.Build.0 = Release|Any CPU
		{308DCBE2-638C-4D42-BCC3-8CF319E802E1}.Release|x86.ActiveCfg = Release|Any CPU
		{308DCBE2-638C-4D42-BCC3-8CF319E802E1}.Release|x86.Build.0 = Release|Any CPU
		{B21F3D98-3BF0-46BD-9239-368442DA97E3}.Debug|Any CPU.ActiveCfg = Debug|Any CPU
		{B21F3D98-3BF0-46BD-9239-368442DA97E3}.Debug|Any CPU.Build.0 = Debug|Any CPU
		{B21F3D98-3BF0-46BD-9239-368442DA97E3}.Debug|ARM.ActiveCfg = Debug|Any CPU
		{B21F3D98-3BF0-46BD-9239-368442DA97E3}.Debug|ARM.Build.0 = Debug|Any CPU
		{B21F3D98-3BF0-46BD-9239-368442DA97E3}.Debug|ARM64.ActiveCfg = Debug|Any CPU
		{B21F3D98-3BF0-46BD-9239-368442DA97E3}.Debug|ARM64.Build.0 = Debug|Any CPU
		{B21F3D98-3BF0-46BD-9239-368442DA97E3}.Debug|x64.ActiveCfg = Debug|Any CPU
		{B21F3D98-3BF0-46BD-9239-368442DA97E3}.Debug|x64.Build.0 = Debug|Any CPU
		{B21F3D98-3BF0-46BD-9239-368442DA97E3}.Debug|x86.ActiveCfg = Debug|Any CPU
		{B21F3D98-3BF0-46BD-9239-368442DA97E3}.Debug|x86.Build.0 = Debug|Any CPU
		{B21F3D98-3BF0-46BD-9239-368442DA97E3}.Release|Any CPU.ActiveCfg = Release|Any CPU
		{B21F3D98-3BF0-46BD-9239-368442DA97E3}.Release|Any CPU.Build.0 = Release|Any CPU
		{B21F3D98-3BF0-46BD-9239-368442DA97E3}.Release|ARM.ActiveCfg = Release|Any CPU
		{B21F3D98-3BF0-46BD-9239-368442DA97E3}.Release|ARM.Build.0 = Release|Any CPU
		{B21F3D98-3BF0-46BD-9239-368442DA97E3}.Release|ARM64.ActiveCfg = Release|Any CPU
		{B21F3D98-3BF0-46BD-9239-368442DA97E3}.Release|ARM64.Build.0 = Release|Any CPU
		{B21F3D98-3BF0-46BD-9239-368442DA97E3}.Release|x64.ActiveCfg = Release|Any CPU
		{B21F3D98-3BF0-46BD-9239-368442DA97E3}.Release|x64.Build.0 = Release|Any CPU
		{B21F3D98-3BF0-46BD-9239-368442DA97E3}.Release|x86.ActiveCfg = Release|Any CPU
		{B21F3D98-3BF0-46BD-9239-368442DA97E3}.Release|x86.Build.0 = Release|Any CPU
	EndGlobalSection
	GlobalSection(SolutionProperties) = preSolution
		HideSolutionNode = FALSE
	EndGlobalSection
	GlobalSection(ExtensibilityGlobals) = postSolution
		SolutionGuid = {A2034E5E-4829-4C31-8950-DB1CA97F6643}
	EndGlobalSection
EndGlobal
